
Microsoft Visual Studio Solution File, Format Version 12.00
# Visual Studio Version 17
VisualStudioVersion = 17.8.34511.84
MinimumVisualStudioVersion = 10.0.40219.1
Project("{FAE04EC0-301F-11D3-BF4B-00C04F79EFBC}") = "Kodlama-Io-WorkShop", "Kodlama-Io-WorkShop.csproj", "{52B6E7D6-F0F2-4F01-ADA3-44B48A36A7F7}"
EndProject
Global
	GlobalSection(SolutionConfigurationPlatforms) = preSolution
		Debug|Any CPU = Debug|Any CPU
		Release|Any CPU = Release|Any CPU
	EndGlobalSection
	GlobalSection(ProjectConfigurationPlatforms) = postSolution
		{52B6E7D6-F0F2-4F01-ADA3-44B48A36A7F7}.Debug|Any CPU.ActiveCfg = Debug|Any CPU
		{52B6E7D6-F0F2-4F01-ADA3-44B48A36A7F7}.Debug|Any CPU.Build.0 = Debug|Any CPU
		{52B6E7D6-F0F2-4F01-ADA3-44B48A36A7F7}.Release|Any CPU.ActiveCfg = Release|Any CPU
		{52B6E7D6-F0F2-4F01-ADA3-44B48A36A7F7}.Release|Any CPU.Build.0 = Release|Any CPU
	EndGlobalSection
	GlobalSection(SolutionProperties) = preSolution
		HideSolutionNode = FALSE
	EndGlobalSection
	GlobalSection(ExtensibilityGlobals) = postSolution
		SolutionGuid = {F37C2809-A2FB-431B-A2A6-221C5BD36804}
	EndGlobalSection
EndGlobal
